# This file is automatically @generated by Cargo.
# It is not intended for manual editing.
[[package]]
name = "game_of_life"
version = "0.1.0"
dependencies = [
 "oorandom",
]

[[package]]
name = "oorandom"
version = "11.1.2"
source = "registry+https://github.com/rust-lang/crates.io-index"
checksum = "a170cebd8021a008ea92e4db85a72f80b35df514ec664b296fdcbb654eac0b2c"
